
Microsoft Visual Studio Solution File, Format Version 12.00
# Visual Studio 14
VisualStudioVersion = 14.0.25420.1
MinimumVisualStudioVersion = 10.0.40219.1
Project("{FAE04EC0-301F-11D3-BF4B-00C04F79EFBC}") = "BookShopAllTasks", "BookShopAllTasks\BookShopAllTasks.csproj", "{9A3839A3-B844-4B14-8D07-F37CF8BE2278}"
EndProject
Project("{FAE04EC0-301F-11D3-BF4B-00C04F79EFBC}") = "SoftUniAllTasks", "SoftUniAllTasks\SoftUniAllTasks.csproj", "{EDC1DC53-02F8-4980-9BCC-9C215A2C4C0F}"
EndProject
Project("{FAE04EC0-301F-11D3-BF4B-00C04F79EFBC}") = "GringottsAllTasks", "GringottsAllTasks\GringottsAllTasks.csproj", "{63B6E564-EA05-4F4D-A5D6-EE5DE35C40CF}"
EndProject
Global
	GlobalSection(SolutionConfigurationPlatforms) = preSolution
		Debug|Any CPU = Debug|Any CPU
		Release|Any CPU = Release|Any CPU
	EndGlobalSection
	GlobalSection(ProjectConfigurationPlatforms) = postSolution
		{9A3839A3-B844-4B14-8D07-F37CF8BE2278}.Debug|Any CPU.ActiveCfg = Debug|Any CPU
		{9A3839A3-B844-4B14-8D07-F37CF8BE2278}.Debug|Any CPU.Build.0 = Debug|Any CPU
		{9A3839A3-B844-4B14-8D07-F37CF8BE2278}.Release|Any CPU.ActiveCfg = Release|Any CPU
		{9A3839A3-B844-4B14-8D07-F37CF8BE2278}.Release|Any CPU.Build.0 = Release|Any CPU
		{EDC1DC53-02F8-4980-9BCC-9C215A2C4C0F}.Debug|Any CPU.ActiveCfg = Debug|Any CPU
		{EDC1DC53-02F8-4980-9BCC-9C215A2C4C0F}.Debug|Any CPU.Build.0 = Debug|Any CPU
		{EDC1DC53-02F8-4980-9BCC-9C215A2C4C0F}.Release|Any CPU.ActiveCfg = Release|Any CPU
		{EDC1DC53-02F8-4980-9BCC-9C215A2C4C0F}.Release|Any CPU.Build.0 = Release|Any CPU
		{63B6E564-EA05-4F4D-A5D6-EE5DE35C40CF}.Debug|Any CPU.ActiveCfg = Debug|Any CPU
		{63B6E564-EA05-4F4D-A5D6-EE5DE35C40CF}.Debug|Any CPU.Build.0 = Debug|Any CPU
		{63B6E564-EA05-4F4D-A5D6-EE5DE35C40CF}.Release|Any CPU.ActiveCfg = Release|Any CPU
		{63B6E564-EA05-4F4D-A5D6-EE5DE35C40CF}.Release|Any CPU.Build.0 = Release|Any CPU
	EndGlobalSection
	GlobalSection(SolutionProperties) = preSolution
		HideSolutionNode = FALSE
	EndGlobalSection
EndGlobal
