
Microsoft Visual Studio Solution File, Format Version 12.00
# Visual Studio 14
VisualStudioVersion = 14.0.25420.1
MinimumVisualStudioVersion = 10.0.40219.1
Project("{FAE04EC0-301F-11D3-BF4B-00C04F79EFBC}") = "01-products-shop", "01-products-shop\01-products-shop.csproj", "{175B567E-3145-450A-BE69-899D767E159A}"
EndProject
Project("{FAE04EC0-301F-11D3-BF4B-00C04F79EFBC}") = "02-car-dealer", "02-car-dealer\02-car-dealer.csproj", "{BFEAA3F8-DD9D-4D31-883F-EC3DE361B7A7}"
EndProject
Global
	GlobalSection(SolutionConfigurationPlatforms) = preSolution
		Debug|Any CPU = Debug|Any CPU
		Release|Any CPU = Release|Any CPU
	EndGlobalSection
	GlobalSection(ProjectConfigurationPlatforms) = postSolution
		{175B567E-3145-450A-BE69-899D767E159A}.Debug|Any CPU.ActiveCfg = Debug|Any CPU
		{175B567E-3145-450A-BE69-899D767E159A}.Debug|Any CPU.Build.0 = Debug|Any CPU
		{175B567E-3145-450A-BE69-899D767E159A}.Release|Any CPU.ActiveCfg = Release|Any CPU
		{175B567E-3145-450A-BE69-899D767E159A}.Release|Any CPU.Build.0 = Release|Any CPU
		{BFEAA3F8-DD9D-4D31-883F-EC3DE361B7A7}.Debug|Any CPU.ActiveCfg = Debug|Any CPU
		{BFEAA3F8-DD9D-4D31-883F-EC3DE361B7A7}.Debug|Any CPU.Build.0 = Debug|Any CPU
		{BFEAA3F8-DD9D-4D31-883F-EC3DE361B7A7}.Release|Any CPU.ActiveCfg = Release|Any CPU
		{BFEAA3F8-DD9D-4D31-883F-EC3DE361B7A7}.Release|Any CPU.Build.0 = Release|Any CPU
	EndGlobalSection
	GlobalSection(SolutionProperties) = preSolution
		HideSolutionNode = FALSE
	EndGlobalSection
EndGlobal
